// !$*UTF8*$!
{
	archiveVersion = 1;
	classes = {
	};
	objectVersion = 46;
	objects = {

/* Begin PBXBuildFile section */
		824E57CF1DE4440F0000F936 /* AppDelegate.swift in Sources */ = {isa = PBXBuildFile; fileRef = 824E57CE1DE4440F0000F936 /* AppDelegate.swift */; };
		824E57D11DE4440F0000F936 /* ViewController.swift in Sources */ = {isa = PBXBuildFile; fileRef = 824E57D01DE4440F0000F936 /* ViewController.swift */; };
		824E57D41DE4440F0000F936 /* Main.storyboard in Resources */ = {isa = PBXBuildFile; fileRef = 824E57D21DE4440F0000F936 /* Main.storyboard */; };
		824E57D61DE4440F0000F936 /* Assets.xcassets in Resources */ = {isa = PBXBuildFile; fileRef = 824E57D51DE4440F0000F936 /* Assets.xcassets */; };
		824E57D91DE4440F0000F936 /* LaunchScreen.storyboard in Resources */ = {isa = PBXBuildFile; fileRef = 824E57D71DE4440F0000F936 /* LaunchScreen.storyboard */; };
		824E57E41DE4440F0000F936 /* superCoolTests.swift in Sources */ = {isa = PBXBuildFile; fileRef = 824E57E31DE4440F0000F936 /* superCoolTests.swift */; };
		824E57EF1DE4440F0000F936 /* superCoolUITests.swift in Sources */ = {isa = PBXBuildFile; fileRef = 824E57EE1DE4440F0000F936 /* superCoolUITests.swift */; };
/* End PBXBuildFile section */

/* Begin PBXContainerItemProxy section */
		824E57E01DE4440F0000F936 /* PBXContainerItemProxy */ = {
			isa = PBXContainerItemProxy;
			containerPortal = 824E57C31DE4440F0000F936 /* Project object */;
			proxyType = 1;
			remoteGlobalIDString = 824E57CA1DE4440F0000F936;
			remoteInfo = superCool;
		};
		824E57EB1DE4440F0000F936 /* PBXContainerItemProxy */ = {
			isa = PBXContainerItemProxy;
			containerPortal = 824E57C31DE4440F0000F936 /* Project object */;
			proxyType = 1;
			remoteGlobalIDString = 824E57CA1DE4440F0000F936;
			remoteInfo = superCool;
		};
/* End PBXContainerItemProxy section */

/* Begin PBXFileReference section */
		824E57CB1DE4440F0000F936 /* superCool.app */ = {isa = PBXFileReference; explicitFileType = wrapper.application; includeInIndex = 0; path = superCool.app; sourceTree = BUILT_PRODUCTS_DIR; };
		824E57CE1DE4440F0000F936 /* AppDelegate.swift */ = {isa = PBXFileReference; lastKnownFileType = sourcecode.swift; path = AppDelegate.swift; sourceTree = "<group>"; };
		824E57D01DE4440F0000F936 /* ViewController.swift */ = {isa = PBXFileReference; lastKnownFileType = sourcecode.swift; path = ViewController.swift; sourceTree = "<group>"; };
		824E57D31DE4440F0000F936 /* Base */ = {isa = PBXFileReference; lastKnownFileType = file.storyboard; name = Base; path = Base.lproj/Main.storyboard; sourceTree = "<group>"; };
		824E57D51DE4440F0000F936 /* Assets.xcassets */ = {isa = PBXFileReference; lastKnownFileType = folder.assetcatalog; path = Assets.xcassets; sourceTree = "<group>"; };
		824E57D81DE4440F0000F936 /* Base */ = {isa = PBXFileReference; lastKnownFileType = file.storyboard; name = Base; path = Base.lproj/LaunchScreen.storyboard; sourceTree = "<group>"; };
		824E57DA1DE4440F0000F936 /* Info.plist */ = {isa = PBXFileReference; lastKnownFileType = text.plist.xml; path = Info.plist; sourceTree = "<group>"; };
		824E57DF1DE4440F0000F936 /* superCoolTests.xctest */ = {isa = PBXFileReference; explicitFileType = wrapper.cfbundle; includeInIndex = 0; path = superCoolTests.xctest; sourceTree = BUILT_PRODUCTS_DIR; };
		824E57E31DE4440F0000F936 /* superCoolTests.swift */ = {isa = PBXFileReference; lastKnownFileType = sourcecode.swift; path = superCoolTests.swift; sourceTree = "<group>"; };
		824E57E51DE4440F0000F936 /* Info.plist */ = {isa = PBXFileReference; lastKnownFileType = text.plist.xml; path = Info.plist; sourceTree = "<group>"; };
		824E57EA1DE4440F0000F936 /* superCoolUITests.xctest */ = {isa = PBXFileReference; explicitFileType = wrapper.cfbundle; includeInIndex = 0; path = superCoolUITests.xctest; sourceTree = BUILT_PRODUCTS_DIR; };
		824E57EE1DE4440F0000F936 /* superCoolUITests.swift */ = {isa = PBXFileReference; lastKnownFileType = sourcecode.swift; path = superCoolUITests.swift; sourceTree = "<group>"; };
		824E57F01DE4440F0000F936 /* Info.plist */ = {isa = PBXFileReference; lastKnownFileType = text.plist.xml; path = Info.plist; sourceTree = "<group>"; };
/* End PBXFileReference section */

/* Begin PBXFrameworksBuildPhase section */
		824E57C81DE4440F0000F936 /* Frameworks */ = {
			isa = PBXFrameworksBuildPhase;
			buildActionMask = 2147483647;
			files = (
			);
			runOnlyForDeploymentPostprocessing = 0;
		};
		824E57DC1DE4440F0000F936 /* Frameworks */ = {
			isa = PBXFrameworksBuildPhase;
			buildActionMask = 2147483647;
			files = (
			);
			runOnlyForDeploymentPostprocessing = 0;
		};
		824E57E71DE4440F0000F936 /* Frameworks */ = {
			isa = PBXFrameworksBuildPhase;
			buildActionMask = 2147483647;
			files = (
			);
			runOnlyForDeploymentPostprocessing = 0;
		};
/* End PBXFrameworksBuildPhase section */

/* Begin PBXGroup section */
		824E57C21DE4440F0000F936 = {
			isa = PBXGroup;
			children = (
				824E57CD1DE4440F0000F936 /* superCool */,
				824E57E21DE4440F0000F936 /* superCoolTests */,
				824E57ED1DE4440F0000F936 /* superCoolUITests */,
				824E57CC1DE4440F0000F936 /* Products */,
			);
			sourceTree = "<group>";
		};
		824E57CC1DE4440F0000F936 /* Products */ = {
			isa = PBXGroup;
			children = (
				824E57CB1DE4440F0000F936 /* superCool.app */,
				824E57DF1DE4440F0000F936 /* superCoolTests.xctest */,
				824E57EA1DE4440F0000F936 /* superCoolUITests.xctest */,
			);
			name = Products;
			sourceTree = "<group>";
		};
		824E57CD1DE4440F0000F936 /* superCool */ = {
			isa = PBXGroup;
			children = (
				824E57CE1DE4440F0000F936 /* AppDelegate.swift */,
				824E57D01DE4440F0000F936 /* ViewController.swift */,
				824E57D21DE4440F0000F936 /* Main.storyboard */,
				824E57D51DE4440F0000F936 /* Assets.xcassets */,
				824E57D71DE4440F0000F936 /* LaunchScreen.storyboard */,
				824E57DA1DE4440F0000F936 /* Info.plist */,
			);
			path = superCool;
			sourceTree = "<group>";
		};
		824E57E21DE4440F0000F936 /* superCoolTests */ = {
			isa = PBXGroup;
			children = (
				824E57E31DE4440F0000F936 /* superCoolTests.swift */,
				824E57E51DE4440F0000F936 /* Info.plist */,
			);
			path = superCoolTests;
			sourceTree = "<group>";
		};
		824E57ED1DE4440F0000F936 /* superCoolUITests */ = {
			isa = PBXGroup;
			children = (
				824E57EE1DE4440F0000F936 /* superCoolUITests.swift */,
				824E57F01DE4440F0000F936 /* Info.plist */,
			);
			path = superCoolUITests;
			sourceTree = "<group>";
		};
/* End PBXGroup section */

/* Begin PBXNativeTarget section */
		824E57CA1DE4440F0000F936 /* superCool */ = {
			isa = PBXNativeTarget;
			buildConfigurationList = 824E57F31DE4440F0000F936 /* Build configuration list for PBXNativeTarget "superCool" */;
			buildPhases = (
				824E57C71DE4440F0000F936 /* Sources */,
				824E57C81DE4440F0000F936 /* Frameworks */,
				824E57C91DE4440F0000F936 /* Resources */,
			);
			buildRules = (
			);
			dependencies = (
			);
			name = superCool;
			productName = superCool;
			productReference = 824E57CB1DE4440F0000F936 /* superCool.app */;
			productType = "com.apple.product-type.application";
		};
		824E57DE1DE4440F0000F936 /* superCoolTests */ = {
			isa = PBXNativeTarget;
			buildConfigurationList = 824E57F61DE4440F0000F936 /* Build configuration list for PBXNativeTarget "superCoolTests" */;
			buildPhases = (
				824E57DB1DE4440F0000F936 /* Sources */,
				824E57DC1DE4440F0000F936 /* Frameworks */,
				824E57DD1DE4440F0000F936 /* Resources */,
			);
			buildRules = (
			);
			dependencies = (
				824E57E11DE4440F0000F936 /* PBXTargetDependency */,
			);
			name = superCoolTests;
			productName = superCoolTests;
			productReference = 824E57DF1DE4440F0000F936 /* superCoolTests.xctest */;
			productType = "com.apple.product-type.bundle.unit-test";
		};
		824E57E91DE4440F0000F936 /* superCoolUITests */ = {
			isa = PBXNativeTarget;
			buildConfigurationList = 824E57F91DE4440F0000F936 /* Build configuration list for PBXNativeTarget "superCoolUITests" */;
			buildPhases = (
				824E57E61DE4440F0000F936 /* Sources */,
				824E57E71DE4440F0000F936 /* Frameworks */,
				824E57E81DE4440F0000F936 /* Resources */,
			);
			buildRules = (
			);
			dependencies = (
				824E57EC1DE4440F0000F936 /* PBXTargetDependency */,
			);
			name = superCoolUITests;
			productName = superCoolUITests;
			productReference = 824E57EA1DE4440F0000F936 /* superCoolUITests.xctest */;
			productType = "com.apple.product-type.bundle.ui-testing";
		};
/* End PBXNativeTarget section */

/* Begin PBXProject section */
		824E57C31DE4440F0000F936 /* Project object */ = {
			isa = PBXProject;
			attributes = {
				LastSwiftUpdateCheck = 0810;
				LastUpgradeCheck = 0810;
				ORGANIZATIONNAME = stay4ever.com.au;
				TargetAttributes = {
					824E57CA1DE4440F0000F936 = {
						CreatedOnToolsVersion = 8.1;
						ProvisioningStyle = Automatic;
					};
					824E57DE1DE4440F0000F936 = {
						CreatedOnToolsVersion = 8.1;
						ProvisioningStyle = Automatic;
						TestTargetID = 824E57CA1DE4440F0000F936;
					};
					824E57E91DE4440F0000F936 = {
						CreatedOnToolsVersion = 8.1;
						ProvisioningStyle = Automatic;
						TestTargetID = 824E57CA1DE4440F0000F936;
					};
				};
			};
			buildConfigurationList = 824E57C61DE4440F0000F936 /* Build configuration list for PBXProject "superCool" */;
			compatibilityVersion = "Xcode 3.2";
			developmentRegion = English;
			hasScannedForEncodings = 0;
			knownRegions = (
				en,
				Base,
			);
			mainGroup = 824E57C21DE4440F0000F936;
			productRefGroup = 824E57CC1DE4440F0000F936 /* Products */;
			projectDirPath = "";
			projectRoot = "";
			targets = (
				824E57CA1DE4440F0000F936 /* superCool */,
				824E57DE1DE4440F0000F936 /* superCoolTests */,
				824E57E91DE4440F0000F936 /* superCoolUITests */,
			);
		};
/* End PBXProject section */

/* Begin PBXResourcesBuildPhase section */
		824E57C91DE4440F0000F936 /* Resources */ = {
			isa = PBXResourcesBuildPhase;
			buildActionMask = 2147483647;
			files = (
				824E57D91DE4440F0000F936 /* LaunchScreen.storyboard in Resources */,
				824E57D61DE4440F0000F936 /* Assets.xcassets in Resources */,
				824E57D41DE4440F0000F936 /* Main.storyboard in Resources */,
			);
			runOnlyForDeploymentPostprocessing = 0;
		};
		824E57DD1DE4440F0000F936 /* Resources */ = {
			isa = PBXResourcesBuildPhase;
			buildActionMask = 2147483647;
			files = (
			);
			runOnlyForDeploymentPostprocessing = 0;
		};
		824E57E81DE4440F0000F936 /* Resources */ = {
			isa = PBXResourcesBuildPhase;
			buildActionMask = 2147483647;
			files = (
			);
			runOnlyForDeploymentPostprocessing = 0;
		};
/* End PBXResourcesBuildPhase section */

/* Begin PBXSourcesBuildPhase section */
		824E57C71DE4440F0000F936 /* Sources */ = {
			isa = PBXSourcesBuildPhase;
			buildActionMask = 2147483647;
			files = (
				824E57D11DE4440F0000F936 /* ViewController.swift in Sources */,
				824E57CF1DE4440F0000F936 /* AppDelegate.swift in Sources */,
			);
			runOnlyForDeploymentPostprocessing = 0;
		};
		824E57DB1DE4440F0000F936 /* Sources */ = {
			isa = PBXSourcesBuildPhase;
			buildActionMask = 2147483647;
			files = (
				824E57E41DE4440F0000F936 /* superCoolTests.swift in Sources */,
			);
			runOnlyForDeploymentPostprocessing = 0;
		};
		824E57E61DE4440F0000F936 /* Sources */ = {
			isa = PBXSourcesBuildPhase;
			buildActionMask = 2147483647;
			files = (
				824E57EF1DE4440F0000F936 /* superCoolUITests.swift in Sources */,
			);
			runOnlyForDeploymentPostprocessing = 0;
		};
/* End PBXSourcesBuildPhase section */

/* Begin PBXTargetDependency section */
		824E57E11DE4440F0000F936 /* PBXTargetDependency */ = {
			isa = PBXTargetDependency;
			target = 824E57CA1DE4440F0000F936 /* superCool */;
			targetProxy = 824E57E01DE4440F0000F936 /* PBXContainerItemProxy */;
		};
		824E57EC1DE4440F0000F936 /* PBXTargetDependency */ = {
			isa = PBXTargetDependency;
			target = 824E57CA1DE4440F0000F936 /* superCool */;
			targetProxy = 824E57EB1DE4440F0000F936 /* PBXContainerItemProxy */;
		};
/* End PBXTargetDependency section */

/* Begin PBXVariantGroup section */
		824E57D21DE4440F0000F936 /* Main.storyboard */ = {
			isa = PBXVariantGroup;
			children = (
				824E57D31DE4440F0000F936 /* Base */,
			);
			name = Main.storyboard;
			sourceTree = "<group>";
		};
		824E57D71DE4440F0000F936 /* LaunchScreen.storyboard */ = {
			isa = PBXVariantGroup;
			children = (
				824E57D81DE4440F0000F936 /* Base */,
			);
			name = LaunchScreen.storyboard;
			sourceTree = "<group>";
		};
/* End PBXVariantGroup section */

/* Begin XCBuildConfiguration section */
		824E57F11DE4440F0000F936 /* Debug */ = {
			isa = XCBuildConfiguration;
			buildSettings = {
				ALWAYS_SEARCH_USER_PATHS = NO;
				CLANG_ANALYZER_NONNULL = YES;
				CLANG_CXX_LANGUAGE_STANDARD = "gnu++0x";
				CLANG_CXX_LIBRARY = "libc++";
				CLANG_ENABLE_MODULES = YES;
				CLANG_ENABLE_OBJC_ARC = YES;
				CLANG_WARN_BOOL_CONVERSION = YES;
				CLANG_WARN_CONSTANT_CONVERSION = YES;
				CLANG_WARN_DIRECT_OBJC_ISA_USAGE = YES_ERROR;
				CLANG_WARN_DOCUMENTATION_COMMENTS = YES;
				CLANG_WARN_EMPTY_BODY = YES;
				CLANG_WARN_ENUM_CONVERSION = YES;
				CLANG_WARN_INFINITE_RECURSION = YES;
				CLANG_WARN_INT_CONVERSION = YES;
				CLANG_WARN_OBJC_ROOT_CLASS = YES_ERROR;
				CLANG_WARN_SUSPICIOUS_MOVES = YES;
				CLANG_WARN_UNREACHABLE_CODE = YES;
				CLANG_WARN__DUPLICATE_METHOD_MATCH = YES;
				"CODE_SIGN_IDENTITY[sdk=iphoneos*]" = "iPhone Developer";
				COPY_PHASE_STRIP = NO;
				DEBUG_INFORMATION_FORMAT = dwarf;
				ENABLE_STRICT_OBJC_MSGSEND = YES;
				ENABLE_TESTABILITY = YES;
				GCC_C_LANGUAGE_STANDARD = gnu99;
				GCC_DYNAMIC_NO_PIC = NO;
				GCC_NO_COMMON_BLOCKS = YES;
				GCC_OPTIMIZATION_LEVEL = 0;
				GCC_PREPROCESSOR_DEFINITIONS = (
					"DEBUG=1",
					"$(inherited)",
				);
				GCC_WARN_64_TO_32_BIT_CONVERSION = YES;
				GCC_WARN_ABOUT_RETURN_TYPE = YES_ERROR;
				GCC_WARN_UNDECLARED_SELECTOR = YES;
				GCC_WARN_UNINITIALIZED_AUTOS = YES_AGGRESSIVE;
				GCC_WARN_UNUSED_FUNCTION = YES;
				GCC_WARN_UNUSED_VARIABLE = YES;
				IPHONEOS_DEPLOYMENT_TARGET = 10.1;
				MTL_ENABLE_DEBUG_INFO = YES;
				ONLY_ACTIVE_ARCH = YES;
				SDKROOT = iphoneos;
				SWIFT_ACTIVE_COMPILATION_CONDITIONS = DEBUG;
				SWIFT_OPTIMIZATION_LEVEL = "-Onone";
			};
			name = Debug;
		};
		824E57F21DE4440F0000F936 /* Release */ = {
			isa = XCBuildConfiguration;
			buildSettings = {
				ALWAYS_SEARCH_USER_PATHS = NO;
				CLANG_ANALYZER_NONNULL = YES;
				CLANG_CXX_LANGUAGE_STANDARD = "gnu++0x";
				CLANG_CXX_LIBRARY = "libc++";
				CLANG_ENABLE_MODULES = YES;
				CLANG_ENABLE_OBJC_ARC = YES;
				CLANG_WARN_BOOL_CONVERSION = YES;
				CLANG_WARN_CONSTANT_CONVERSION = YES;
				CLANG_WARN_DIRECT_OBJC_ISA_USAGE = YES_ERROR;
				CLANG_WARN_DOCUMENTATION_COMMENTS = YES;
				CLANG_WARN_EMPTY_BODY = YES;
				CLANG_WARN_ENUM_CONVERSION = YES;
				CLANG_WARN_INFINITE_RECURSION = YES;
				CLANG_WARN_INT_CONVERSION = YES;
				CLANG_WARN_OBJC_ROOT_CLASS = YES_ERROR;
				CLANG_WARN_SUSPICIOUS_MOVES = YES;
				CLANG_WARN_UNREACHABLE_CODE = YES;
				CLANG_WARN__DUPLICATE_METHOD_MATCH = YES;
				"CODE_SIGN_IDENTITY[sdk=iphoneos*]" = "iPhone Developer";
				COPY_PHASE_STRIP = NO;
				DEBUG_INFORMATION_FORMAT = "dwarf-with-dsym";
				ENABLE_NS_ASSERTIONS = NO;
				ENABLE_STRICT_OBJC_MSGSEND = YES;
				GCC_C_LANGUAGE_STANDARD = gnu99;
				GCC_NO_COMMON_BLOCKS = YES;
				GCC_WARN_64_TO_32_BIT_CONVERSION = YES;
				GCC_WARN_ABOUT_RETURN_TYPE = YES_ERROR;
				GCC_WARN_UNDECLARED_SELECTOR = YES;
				GCC_WARN_UNINITIALIZED_AUTOS = YES_AGGRESSIVE;
				GCC_WARN_UNUSED_FUNCTION = YES;
				GCC_WARN_UNUSED_VARIABLE = YES;
				IPHONEOS_DEPLOYMENT_TARGET = 10.1;
				MTL_ENABLE_DEBUG_INFO = NO;
				SDKROOT = iphoneos;
				SWIFT_OPTIMIZATION_LEVEL = "-Owholemodule";
				VALIDATE_PRODUCT = YES;
			};
			name = Release;
		};
		824E57F41DE4440F0000F936 /* Debug */ = {
			isa = XCBuildConfiguration;
			buildSettings = {
				ASSETCATALOG_COMPILER_APPICON_NAME = AppIcon;
				INFOPLIST_FILE = superCool/Info.plist;
				LD_RUNPATH_SEARCH_PATHS = "$(inherited) @executable_path/Frameworks";
				PRODUCT_BUNDLE_IDENTIFIER = stay4ever.com.au.superCool;
				PRODUCT_NAME = "$(TARGET_NAME)";
				SWIFT_VERSION = 3.0;
			};
			name = Debug;
		};
		824E57F51DE4440F0000F936 /* Release */ = {
			isa = XCBuildConfiguration;
			buildSettings = {
				ASSETCATALOG_COMPILER_APPICON_NAME = AppIcon;
				INFOPLIST_FILE = superCool/Info.plist;
				LD_RUNPATH_SEARCH_PATHS = "$(inherited) @executable_path/Frameworks";
				PRODUCT_BUNDLE_IDENTIFIER = stay4ever.com.au.superCool;
				PRODUCT_NAME = "$(TARGET_NAME)";
				SWIFT_VERSION = 3.0;
			};
			name = Release;
		};
		824E57F71DE4440F0000F936 /* Debug */ = {
			isa = XCBuildConfiguration;
			buildSettings = {
				ALWAYS_EMBED_SWIFT_STANDARD_LIBRARIES = YES;
				BUNDLE_LOADER = "$(TEST_HOST)";
				INFOPLIST_FILE = superCoolTests/Info.plist;
				LD_RUNPATH_SEARCH_PATHS = "$(inherited) @executable_path/Frameworks @loader_path/Frameworks";
				PRODUCT_BUNDLE_IDENTIFIER = stay4ever.com.au.superCoolTests;
				PRODUCT_NAME = "$(TARGET_NAME)";
				SWIFT_VERSION = 3.0;
				TEST_HOST = "$(BUILT_PRODUCTS_DIR)/superCool.app/superCool";
			};
			name = Debug;
		};
		824E57F81DE4440F0000F936 /* Release */ = {
			isa = XCBuildConfiguration;
			buildSettings = {
				ALWAYS_EMBED_SWIFT_STANDARD_LIBRARIES = YES;
				BUNDLE_LOADER = "$(TEST_HOST)";
				INFOPLIST_FILE = superCoolTests/Info.plist;
				LD_RUNPATH_SEARCH_PATHS = "$(inherited) @executable_path/Frameworks @loader_path/Frameworks";
				PRODUCT_BUNDLE_IDENTIFIER = stay4ever.com.au.superCoolTests;
				PRODUCT_NAME = "$(TARGET_NAME)";
				SWIFT_VERSION = 3.0;
				TEST_HOST = "$(BUILT_PRODUCTS_DIR)/superCool.app/superCool";
			};
			name = Release;
		};
		824E57FA1DE4440F0000F936 /* Debug */ = {
			isa = XCBuildConfiguration;
			buildSettings = {
				ALWAYS_EMBED_SWIFT_STANDARD_LIBRARIES = YES;
				INFOPLIST_FILE = superCoolUITests/Info.plist;
				LD_RUNPATH_SEARCH_PATHS = "$(inherited) @executable_path/Frameworks @loader_path/Frameworks";
				PRODUCT_BUNDLE_IDENTIFIER = stay4ever.com.au.superCoolUITests;
				PRODUCT_NAME = "$(TARGET_NAME)";
				SWIFT_VERSION = 3.0;
				TEST_TARGET_NAME = superCool;
			};
			name = Debug;
		};
		824E57FB1DE4440F0000F936 /* Release */ = {
			isa = XCBuildConfiguration;
			buildSettings = {
				ALWAYS_EMBED_SWIFT_STANDARD_LIBRARIES = YES;
				INFOPLIST_FILE = superCoolUITests/Info.plist;
				LD_RUNPATH_SEARCH_PATHS = "$(inherited) @executable_path/Frameworks @loader_path/Frameworks";
				PRODUCT_BUNDLE_IDENTIFIER = stay4ever.com.au.superCoolUITests;
				PRODUCT_NAME = "$(TARGET_NAME)";
				SWIFT_VERSION = 3.0;
				TEST_TARGET_NAME = superCool;
			};
			name = Release;
		};
/* End XCBuildConfiguration section */

/* Begin XCConfigurationList section */
		824E57C61DE4440F0000F936 /* Build configuration list for PBXProject "superCool" */ = {
			isa = XCConfigurationList;
			buildConfigurations = (
				824E57F11DE4440F0000F936 /* Debug */,
				824E57F21DE4440F0000F936 /* Release */,
			);
			defaultConfigurationIsVisible = 0;
			defaultConfigurationName = Release;
		};
		824E57F31DE4440F0000F936 /* Build configuration list for PBXNativeTarget "superCool" */ = {
			isa = XCConfigurationList;
			buildConfigurations = (
				824E57F41DE4440F0000F936 /* Debug */,
				824E57F51DE4440F0000F936 /* Release */,
			);
			defaultConfigurationIsVisible = 0;
		};
		824E57F61DE4440F0000F936 /* Build configuration list for PBXNativeTarget "superCoolTests" */ = {
			isa = XCConfigurationList;
			buildConfigurations = (
				824E57F71DE4440F0000F936 /* Debug */,
				824E57F81DE4440F0000F936 /* Release */,
			);
			defaultConfigurationIsVisible = 0;
		};
		824E57F91DE4440F0000F936 /* Build configuration list for PBXNativeTarget "superCoolUITests" */ = {
			isa = XCConfigurationList;
			buildConfigurations = (
				824E57FA1DE4440F0000F936 /* Debug */,
				824E57FB1DE4440F0000F936 /* Release */,
			);
			defaultConfigurationIsVisible = 0;
		};
/* End XCConfigurationList section */
	};
	rootObject = 824E57C31DE4440F0000F936 /* Project object */;
}
